Microsoft Visual Studio Solution File, Format Version 12.00
# Visual Studio 15
VisualStudioVersion = 15.0.28010.2041
MinimumVisualStudioVersion = 10.0.40219.1
Project("{FAE04EC0-301F-11D3-BF4B-00C04F79EFBC}") = "Tailenders.Android", "Tailenders.Android\Tailenders.Android.csproj", "{F13FE81C-97E2-4E55-8B92-289D0465AE36}"
EndProject
Project("{FAE04EC0-301F-11D3-BF4B-00C04F79EFBC}") = "Tailenders.iOS", "Tailenders.iOS\Tailenders.iOS.csproj", "{8A735136-D640-4F1F-8E2C-BDB6A678CF33}"
EndProject
Project("{FAE04EC0-301F-11D3-BF4B-00C04F79EFBC}") = "Tailenders", "Tailenders\Tailenders.csproj", "{EB3465EC-65C8-4768-A92C-890479D2D858}"
EndProject
Global
	GlobalSection(SolutionConfigurationPlatforms) = preSolution
		Ad-Hoc|Any CPU = Ad-Hoc|Any CPU
		Ad-Hoc|iPhone = Ad-Hoc|iPhone
		Ad-Hoc|iPhoneSimulator = Ad-Hoc|iPhoneSimulator
		AppStore|Any CPU = AppStore|Any CPU
		AppStore|iPhone = AppStore|iPhone
		AppStore|iPhoneSimulator = AppStore|iPhoneSimulator
		Debug|Any CPU = Debug|Any CPU
		Debug|iPhone = Debug|iPhone
		Debug|iPhoneSimulator = Debug|iPhoneSimulator
		Release|Any CPU = Release|Any CPU
		Release|iPhone = Release|iPhone
		Release|iPhoneSimulator = Release|iPhoneSimulator
	EndGlobalSection
	GlobalSection(ProjectConfigurationPlatforms) = postSolution
		{F13FE81C-97E2-4E55-8B92-289D0465AE36}.Ad-Hoc|Any CPU.ActiveCfg = Release|Any CPU
		{F13FE81C-97E2-4E55-8B92-289D0465AE36}.Ad-Hoc|Any CPU.Build.0 = Release|Any CPU
		{F13FE81C-97E2-4E55-8B92-289D0465AE36}.Ad-Hoc|Any CPU.Deploy.0 = Release|Any CPU
		{F13FE81C-97E2-4E55-8B92-289D0465AE36}.Ad-Hoc|iPhone.ActiveCfg = Debug|Any CPU
		{F13FE81C-97E2-4E55-8B92-289D0465AE36}.Ad-Hoc|iPhone.Build.0 = Debug|Any CPU
		{F13FE81C-97E2-4E55-8B92-289D0465AE36}.Ad-Hoc|iPhoneSimulator.ActiveCfg = Release|Any CPU
		{F13FE81C-97E2-4E55-8B92-289D0465AE36}.Ad-Hoc|iPhoneSimulator.Build.0 = Release|Any CPU
		{F13FE81C-97E2-4E55-8B92-289D0465AE36}.Ad-Hoc|iPhoneSimulator.Deploy.0 = Release|Any CPU
		{F13FE81C-97E2-4E55-8B92-289D0465AE36}.AppStore|Any CPU.ActiveCfg = Release|Any CPU
		{F13FE81C-97E2-4E55-8B92-289D0465AE36}.AppStore|Any CPU.Build.0 = Release|Any CPU
		{F13FE81C-97E2-4E55-8B92-289D0465AE36}.AppStore|Any CPU.Deploy.0 = Release|Any CPU
		{F13FE81C-97E2-4E55-8B92-289D0465AE36}.AppStore|iPhone.ActiveCfg = Debug|Any CPU
		{F13FE81C-97E2-4E55-8B92-289D0465AE36}.AppStore|iPhone.Build.0 = Debug|Any CPU
		{F13FE81C-97E2-4E55-8B92-289D0465AE36}.AppStore|iPhoneSimulator.ActiveCfg = Release|Any CPU
		{F13FE81C-97E2-4E55-8B92-289D0465AE36}.AppStore|iPhoneSimulator.Build.0 = Release|Any CPU
		{F13FE81C-97E2-4E55-8B92-289D0465AE36}.AppStore|iPhoneSimulator.Deploy.0 = Release|Any CPU
		{F13FE81C-97E2-4E55-8B92-289D0465AE36}.Debug|Any CPU.ActiveCfg = Debug|Any CPU
		{F13FE81C-97E2-4E55-8B92-289D0465AE36}.Debug|Any CPU.Build.0 = Debug|Any CPU
		{F13FE81C-97E2-4E55-8B92-289D0465AE36}.Debug|Any CPU.Deploy.0 = Debug|Any CPU
		{F13FE81C-97E2-4E55-8B92-289D0465AE36}.Debug|iPhone.ActiveCfg = Debug|Any CPU
		{F13FE81C-97E2-4E55-8B92-289D0465AE36}.Debug|iPhone.Build.0 = Debug|Any CPU
		{F13FE81C-97E2-4E55-8B92-289D0465AE36}.Debug|iPhoneSimulator.ActiveCfg = Debug|Any CPU
		{F13FE81C-97E2-4E55-8B92-289D0465AE36}.Debug|iPhoneSimulator.Build.0 = Debug|Any CPU
		{F13FE81C-97E2-4E55-8B92-289D0465AE36}.Release|Any CPU.ActiveCfg = Release|Any CPU
		{F13FE81C-97E2-4E55-8B92-289D0465AE36}.Release|Any CPU.Build.0 = Release|Any CPU
		{F13FE81C-97E2-4E55-8B92-289D0465AE36}.Release|iPhone.ActiveCfg = Release|Any CPU
		{F13FE81C-97E2-4E55-8B92-289D0465AE36}.Release|iPhone.Build.0 = Release|Any CPU
		{F13FE81C-97E2-4E55-8B92-289D0465AE36}.Release|iPhoneSimulator.ActiveCfg = Release|Any CPU
		{F13FE81C-97E2-4E55-8B92-289D0465AE36}.Release|iPhoneSimulator.Build.0 = Release|Any CPU
		{8A735136-D640-4F1F-8E2C-BDB6A678CF33}.Ad-Hoc|Any CPU.ActiveCfg = Ad-Hoc|iPhoneSimulator
		{8A735136-D640-4F1F-8E2C-BDB6A678CF33}.Ad-Hoc|iPhone.ActiveCfg = Ad-Hoc|iPhone
		{8A735136-D640-4F1F-8E2C-BDB6A678CF33}.Ad-Hoc|iPhone.Build.0 = Ad-Hoc|iPhone
		{8A735136-D640-4F1F-8E2C-BDB6A678CF33}.Ad-Hoc|iPhoneSimulator.ActiveCfg = Ad-Hoc|iPhoneSimulator
		{8A735136-D640-4F1F-8E2C-BDB6A678CF33}.Ad-Hoc|iPhoneSimulator.Build.0 = Ad-Hoc|iPhoneSimulator
		{8A735136-D640-4F1F-8E2C-BDB6A678CF33}.AppStore|Any CPU.ActiveCfg = AppStore|iPhoneSimulator
		{8A735136-D640-4F1F-8E2C-BDB6A678CF33}.AppStore|iPhone.ActiveCfg = AppStore|iPhone
		{8A735136-D640-4F1F-8E2C-BDB6A678CF33}.AppStore|iPhone.Build.0 = AppStore|iPhone
		{8A735136-D640-4F1F-8E2C-BDB6A678CF33}.AppStore|iPhoneSimulator.ActiveCfg = AppStore|iPhoneSimulator
		{8A735136-D640-4F1F-8E2C-BDB6A678CF33}.AppStore|iPhoneSimulator.Build.0 = AppStore|iPhoneSimulator
		{8A735136-D640-4F1F-8E2C-BDB6A678CF33}.Debug|Any CPU.ActiveCfg = Debug|iPhoneSimulator
		{8A735136-D640-4F1F-8E2C-BDB6A678CF33}.Debug|Any CPU.Build.0 = Debug|iPhoneSimulator
		{8A735136-D640-4F1F-8E2C-BDB6A678CF33}.Debug|iPhone.ActiveCfg = Debug|iPhone
		{8A735136-D640-4F1F-8E2C-BDB6A678CF33}.Debug|iPhone.Build.0 = Debug|iPhone
		{8A735136-D640-4F1F-8E2C-BDB6A678CF33}.Debug|iPhoneSimulator.ActiveCfg = Debug|iPhoneSimulator
		{8A735136-D640-4F1F-8E2C-BDB6A678CF33}.Debug|iPhoneSimulator.Build.0 = Debug|iPhoneSimulator
		{8A735136-D640-4F1F-8E2C-BDB6A678CF33}.Release|Any CPU.ActiveCfg = Release|iPhoneSimulator
		{8A735136-D640-4F1F-8E2C-BDB6A678CF33}.Release|Any CPU.Build.0 = Release|iPhoneSimulator
		{8A735136-D640-4F1F-8E2C-BDB6A678CF33}.Release|iPhone.ActiveCfg = Release|iPhone
		{8A735136-D640-4F1F-8E2C-BDB6A678CF33}.Release|iPhone.Build.0 = Release|iPhone
		{8A735136-D640-4F1F-8E2C-BDB6A678CF33}.Release|iPhoneSimulator.ActiveCfg = Release|iPhoneSimulator
		{8A735136-D640-4F1F-8E2C-BDB6A678CF33}.Release|iPhoneSimulator.Build.0 = Release|iPhoneSimulator
		{EB3465EC-65C8-4768-A92C-890479D2D858}.Ad-Hoc|Any CPU.ActiveCfg = Release|Any CPU
		{EB3465EC-65C8-4768-A92C-890479D2D858}.Ad-Hoc|Any CPU.Build.0 = Release|Any CPU
		{EB3465EC-65C8-4768-A92C-890479D2D858}.Ad-Hoc|iPhone.ActiveCfg = Debug|Any CPU
		{EB3465EC-65C8-4768-A92C-890479D2D858}.Ad-Hoc|iPhone.Build.0 = Debug|Any CPU
		{EB3465EC-65C8-4768-A92C-890479D2D858}.Ad-Hoc|iPhoneSimulator.ActiveCfg = Release|Any CPU
		{EB3465EC-65C8-4768-A92C-890479D2D858}.Ad-Hoc|iPhoneSimulator.Build.0 = Release|Any CPU
		{EB3465EC-65C8-4768-A92C-890479D2D858}.AppStore|Any CPU.ActiveCfg = Release|Any CPU
		{EB3465EC-65C8-4768-A92C-890479D2D858}.AppStore|Any CPU.Build.0 = Release|Any CPU
		{EB3465EC-65C8-4768-A92C-890479D2D858}.AppStore|iPhone.ActiveCfg = Debug|Any CPU
		{EB3465EC-65C8-4768-A92C-890479D2D858}.AppStore|iPhone.Build.0 = Debug|Any CPU
		{EB3465EC-65C8-4768-A92C-890479D2D858}.AppStore|iPhoneSimulator.ActiveCfg = Release|Any CPU
		{EB3465EC-65C8-4768-A92C-890479D2D858}.AppStore|iPhoneSimulator.Build.0 = Release|Any CPU
		{EB3465EC-65C8-4768-A92C-890479D2D858}.Debug|Any CPU.ActiveCfg = Debug|Any CPU
		{EB3465EC-65C8-4768-A92C-890479D2D858}.Debug|Any CPU.Build.0 = Debug|Any CPU
		{EB3465EC-65C8-4768-A92C-890479D2D858}.Debug|iPhone.ActiveCfg = Debug|Any CPU
		{EB3465EC-65C8-4768-A92C-890479D2D858}.Debug|iPhone.Build.0 = Debug|Any CPU
		{EB3465EC-65C8-4768-A92C-890479D2D858}.Debug|iPhoneSimulator.ActiveCfg = Debug|Any CPU
		{EB3465EC-65C8-4768-A92C-890479D2D858}.Debug|iPhoneSimulator.Build.0 = Debug|Any CPU
		{EB3465EC-65C8-4768-A92C-890479D2D858}.Release|Any CPU.ActiveCfg = Release|Any CPU
		{EB3465EC-65C8-4768-A92C-890479D2D858}.Release|Any CPU.Build.0 = Release|Any CPU
		{EB3465EC-65C8-4768-A92C-890479D2D858}.Release|iPhone.ActiveCfg = Release|Any CPU
		{EB3465EC-65C8-4768-A92C-890479D2D858}.Release|iPhone.Build.0 = Release|Any CPU
		{EB3465EC-65C8-4768-A92C-890479D2D858}.Release|iPhoneSimulator.ActiveCfg = Release|Any CPU
		{EB3465EC-65C8-4768-A92C-890479D2D858}.Release|iPhoneSimulator.Build.0 = Release|Any CPU
	EndGlobalSection
	GlobalSection(SolutionProperties) = preSolution
		HideSolutionNode = FALSE
	EndGlobalSection
	GlobalSection(ExtensibilityGlobals) = postSolution
		SolutionGuid = {7D5330D2-558F-4F04-A4BF-EB48784B3B9C}
	EndGlobalSection
EndGlobal
